
Microsoft Visual Studio Solution File, Format Version 12.00
# Visual Studio Version 17
VisualStudioVersion = 17.11.35219.272
MinimumVisualStudioVersion = 10.0.40219.1
Project("{FAE04EC0-301F-11D3-BF4B-00C04F79EFBC}") = "Sesion 12", "Sesion 12.csproj", "{E9906D7B-6131-4D8B-A017-87CD832E5BA7}"
EndProject
Global
	GlobalSection(SolutionConfigurationPlatforms) = preSolution
		Debug|Any CPU = Debug|Any CPU
		Release|Any CPU = Release|Any CPU
	EndGlobalSection
	GlobalSection(ProjectConfigurationPlatforms) = postSolution
		{E9906D7B-6131-4D8B-A017-87CD832E5BA7}.Debug|Any CPU.ActiveCfg = Debug|Any CPU
		{E9906D7B-6131-4D8B-A017-87CD832E5BA7}.Debug|Any CPU.Build.0 = Debug|Any CPU
		{E9906D7B-6131-4D8B-A017-87CD832E5BA7}.Release|Any CPU.ActiveCfg = Release|Any CPU
		{E9906D7B-6131-4D8B-A017-87CD832E5BA7}.Release|Any CPU.Build.0 = Release|Any CPU
	EndGlobalSection
	GlobalSection(SolutionProperties) = preSolution
		HideSolutionNode = FALSE
	EndGlobalSection
	GlobalSection(ExtensibilityGlobals) = postSolution
		SolutionGuid = {5E4E8C78-A499-47A0-BA7B-744F05AF8569}
	EndGlobalSection
EndGlobal
